
Microsoft Visual Studio Solution File, Format Version 12.00
# Visual Studio 2013
VisualStudioVersion = 12.0.31101.0
MinimumVisualStudioVersion = 10.0.40219.1
Project("{9092AA53-FB77-4645-B42D-1CCCA6BD08BD}") = "WhatsMyRep.App", "WhatsMyRep.App.njsproj", "{564A7763-C28C-40F3-ABF0-86D507D6C5E0}"
EndProject
Global
	GlobalSection(SolutionConfigurationPlatforms) = preSolution
		Debug|Any CPU = Debug|Any CPU
		Release|Any CPU = Release|Any CPU
	EndGlobalSection
	GlobalSection(ProjectConfigurationPlatforms) = postSolution
		{564A7763-C28C-40F3-ABF0-86D507D6C5E0}.Debug|Any CPU.ActiveCfg = Debug|Any CPU
		{564A7763-C28C-40F3-ABF0-86D507D6C5E0}.Debug|Any CPU.Build.0 = Debug|Any CPU
		{564A7763-C28C-40F3-ABF0-86D507D6C5E0}.Release|Any CPU.ActiveCfg = Release|Any CPU
		{564A7763-C28C-40F3-ABF0-86D507D6C5E0}.Release|Any CPU.Build.0 = Release|Any CPU
	EndGlobalSection
	GlobalSection(SolutionProperties) = preSolution
		HideSolutionNode = FALSE
	EndGlobalSection
EndGlobal
